
Microsoft Visual Studio Solution File, Format Version 12.00
# Visual Studio 15
VisualStudioVersion = 15.0.26430.12
MinimumVisualStudioVersion = 10.0.40219.1
Project("{FAE04EC0-301F-11D3-BF4B-00C04F79EFBC}") = "StoryCanvas.WPF", "StoryCanvas.WPF\StoryCanvas.WPF.csproj", "{C4247C66-6BA8-412F-AF07-027E1CAEA9FC}"
EndProject
Project("{D954291E-2A0B-460D-934E-DC6B0785DB48}") = "StoryCanvas.Shared", "StoryCanvas.Shared\StoryCanvas.Shared.shproj", "{140AA74A-1579-43D8-A79A-DBDAC383AB36}"
EndProject
Project("{FAE04EC0-301F-11D3-BF4B-00C04F79EFBC}") = "StoryCanvas", "StoryCanvas\StoryCanvas\StoryCanvas.csproj", "{72DB721C-4752-472D-9159-DD9674748523}"
EndProject
Project("{FAE04EC0-301F-11D3-BF4B-00C04F79EFBC}") = "StoryCanvas.Droid", "StoryCanvas\StoryCanvas.Droid\StoryCanvas.Droid.csproj", "{84833DD0-8C1C-405B-B8F7-0BD5D49B08DB}"
EndProject
Project("{FAE04EC0-301F-11D3-BF4B-00C04F79EFBC}") = "StoryCanvas.iOS", "StoryCanvas\StoryCanvas.iOS\StoryCanvas.iOS.csproj", "{E5ED0884-A3CB-4689-937E-61642C9F3068}"
EndProject
Project("{D954291E-2A0B-460D-934E-DC6B0785DB48}") = "Libraries", "Libraries\Libraries.shproj", "{77B50C95-9CC5-4307-955F-EB579F1BA5CA}"
EndProject
Project("{FAE04EC0-301F-11D3-BF4B-00C04F79EFBC}") = "StoryCanvas.UWP", "StoryCanvas.UWP\StoryCanvas.UWP.csproj", "{05AD74AE-F7C3-4AE5-A9BA-E27F71EC144B}"
EndProject
Project("{D954291E-2A0B-460D-934E-DC6B0785DB48}") = "StoryCanvas.XF", "StoryCanvas.XF\StoryCanvas.XF.shproj", "{A729290A-69B2-4540-A5BD-94A266BFE949}"
EndProject
Global
	GlobalSection(SharedMSBuildProjectFiles) = preSolution
		Libraries\Libraries.projitems*{05ad74ae-f7c3-4ae5-a9ba-e27f71ec144b}*SharedItemsImports = 4
		StoryCanvas.Shared\StoryCanvas.Shared.projitems*{05ad74ae-f7c3-4ae5-a9ba-e27f71ec144b}*SharedItemsImports = 4
		StoryCanvas.Shared\StoryCanvas.Shared.projitems*{140aa74a-1579-43d8-a79a-dbdac383ab36}*SharedItemsImports = 13
		Libraries\Libraries.projitems*{77b50c95-9cc5-4307-955f-eb579f1ba5ca}*SharedItemsImports = 13
		Libraries\Libraries.projitems*{84833dd0-8c1c-405b-b8f7-0bd5d49b08db}*SharedItemsImports = 4
		StoryCanvas.Shared\StoryCanvas.Shared.projitems*{84833dd0-8c1c-405b-b8f7-0bd5d49b08db}*SharedItemsImports = 4
		StoryCanvas.XF\StoryCanvas.XF.projitems*{84833dd0-8c1c-405b-b8f7-0bd5d49b08db}*SharedItemsImports = 4
		StoryCanvas.XF\StoryCanvas.XF.projitems*{a729290a-69b2-4540-a5bd-94a266bfe949}*SharedItemsImports = 13
		Libraries\Libraries.projitems*{c4247c66-6ba8-412f-af07-027e1caea9fc}*SharedItemsImports = 4
		StoryCanvas.Shared\StoryCanvas.Shared.projitems*{c4247c66-6ba8-412f-af07-027e1caea9fc}*SharedItemsImports = 4
		Libraries\Libraries.projitems*{e5ed0884-a3cb-4689-937e-61642c9f3068}*SharedItemsImports = 4
		StoryCanvas.Shared\StoryCanvas.Shared.projitems*{e5ed0884-a3cb-4689-937e-61642c9f3068}*SharedItemsImports = 4
		StoryCanvas.XF\StoryCanvas.XF.projitems*{e5ed0884-a3cb-4689-937e-61642c9f3068}*SharedItemsImports = 4
	EndGlobalSection
	GlobalSection(SolutionConfigurationPlatforms) = preSolution
		Ad-Hoc|Any CPU = Ad-Hoc|Any CPU
		Ad-Hoc|ARM = Ad-Hoc|ARM
		Ad-Hoc|iPhone = Ad-Hoc|iPhone
		Ad-Hoc|iPhoneSimulator = Ad-Hoc|iPhoneSimulator
		Ad-Hoc|x64 = Ad-Hoc|x64
		Ad-Hoc|x86 = Ad-Hoc|x86
		AppStore|Any CPU = AppStore|Any CPU
		AppStore|ARM = AppStore|ARM
		AppStore|iPhone = AppStore|iPhone
		AppStore|iPhoneSimulator = AppStore|iPhoneSimulator
		AppStore|x64 = AppStore|x64
		AppStore|x86 = AppStore|x86
		Debug|Any CPU = Debug|Any CPU
		Debug|ARM = Debug|ARM
		Debug|iPhone = Debug|iPhone
		Debug|iPhoneSimulator = Debug|iPhoneSimulator
		Debug|x64 = Debug|x64
		Debug|x86 = Debug|x86
		Release|Any CPU = Release|Any CPU
		Release|ARM = Release|ARM
		Release|iPhone = Release|iPhone
		Release|iPhoneSimulator = Release|iPhoneSimulator
		Release|x64 = Release|x64
		Release|x86 = Release|x86
	EndGlobalSection
	GlobalSection(ProjectConfigurationPlatforms) = postSolution
		{C4247C66-6BA8-412F-AF07-027E1CAEA9FC}.Ad-Hoc|Any CPU.ActiveCfg = Release|Any CPU
		{C4247C66-6BA8-412F-AF07-027E1CAEA9FC}.Ad-Hoc|Any CPU.Build.0 = Release|Any CPU
		{C4247C66-6BA8-412F-AF07-027E1CAEA9FC}.Ad-Hoc|ARM.ActiveCfg = Release|Any CPU
		{C4247C66-6BA8-412F-AF07-027E1CAEA9FC}.Ad-Hoc|ARM.Build.0 = Release|Any CPU
		{C4247C66-6BA8-412F-AF07-027E1CAEA9FC}.Ad-Hoc|iPhone.ActiveCfg = Release|Any CPU
		{C4247C66-6BA8-412F-AF07-027E1CAEA9FC}.Ad-Hoc|iPhone.Build.0 = Release|Any CPU
		{C4247C66-6BA8-412F-AF07-027E1CAEA9FC}.Ad-Hoc|iPhoneSimulator.ActiveCfg = Release|Any CPU
		{C4247C66-6BA8-412F-AF07-027E1CAEA9FC}.Ad-Hoc|iPhoneSimulator.Build.0 = Release|Any CPU
		{C4247C66-6BA8-412F-AF07-027E1CAEA9FC}.Ad-Hoc|x64.ActiveCfg = Release|Any CPU
		{C4247C66-6BA8-412F-AF07-027E1CAEA9FC}.Ad-Hoc|x64.Build.0 = Release|Any CPU
		{C4247C66-6BA8-412F-AF07-027E1CAEA9FC}.Ad-Hoc|x86.ActiveCfg = Release|Any CPU
		{C4247C66-6BA8-412F-AF07-027E1CAEA9FC}.Ad-Hoc|x86.Build.0 = Release|Any CPU
		{C4247C66-6BA8-412F-AF07-027E1CAEA9FC}.AppStore|Any CPU.ActiveCfg = Release|Any CPU
		{C4247C66-6BA8-412F-AF07-027E1CAEA9FC}.AppStore|Any CPU.Build.0 = Release|Any CPU
		{C4247C66-6BA8-412F-AF07-027E1CAEA9FC}.AppStore|ARM.ActiveCfg = Release|Any CPU
		{C4247C66-6BA8-412F-AF07-027E1CAEA9FC}.AppStore|ARM.Build.0 = Release|Any CPU
		{C4247C66-6BA8-412F-AF07-027E1CAEA9FC}.AppStore|iPhone.ActiveCfg = Release|Any CPU
		{C4247C66-6BA8-412F-AF07-027E1CAEA9FC}.AppStore|iPhone.Build.0 = Release|Any CPU
		{C4247C66-6BA8-412F-AF07-027E1CAEA9FC}.AppStore|iPhoneSimulator.ActiveCfg = Release|Any CPU
		{C4247C66-6BA8-412F-AF07-027E1CAEA9FC}.AppStore|iPhoneSimulator.Build.0 = Release|Any CPU
		{C4247C66-6BA8-412F-AF07-027E1CAEA9FC}.AppStore|x64.ActiveCfg = Release|Any CPU
		{C4247C66-6BA8-412F-AF07-027E1CAEA9FC}.AppStore|x64.Build.0 = Release|Any CPU
		{C4247C66-6BA8-412F-AF07-027E1CAEA9FC}.AppStore|x86.ActiveCfg = Release|Any CPU
		{C4247C66-6BA8-412F-AF07-027E1CAEA9FC}.AppStore|x86.Build.0 = Release|Any CPU
		{C4247C66-6BA8-412F-AF07-027E1CAEA9FC}.Debug|Any CPU.ActiveCfg = Debug|Any CPU
		{C4247C66-6BA8-412F-AF07-027E1CAEA9FC}.Debug|Any CPU.Build.0 = Debug|Any CPU
		{C4247C66-6BA8-412F-AF07-027E1CAEA9FC}.Debug|ARM.ActiveCfg = Debug|Any CPU
		{C4247C66-6BA8-412F-AF07-027E1CAEA9FC}.Debug|ARM.Build.0 = Debug|Any CPU
		{C4247C66-6BA8-412F-AF07-027E1CAEA9FC}.Debug|iPhone.ActiveCfg = Debug|Any CPU
		{C4247C66-6BA8-412F-AF07-027E1CAEA9FC}.Debug|iPhone.Build.0 = Debug|Any CPU
		{C4247C66-6BA8-412F-AF07-027E1CAEA9FC}.Debug|iPhoneSimulator.ActiveCfg = Debug|Any CPU
		{C4247C66-6BA8-412F-AF07-027E1CAEA9FC}.Debug|iPhoneSimulator.Build.0 = Debug|Any CPU
		{C4247C66-6BA8-412F-AF07-027E1CAEA9FC}.Debug|x64.ActiveCfg = Debug|Any CPU
		{C4247C66-6BA8-412F-AF07-027E1CAEA9FC}.Debug|x64.Build.0 = Debug|Any CPU
		{C4247C66-6BA8-412F-AF07-027E1CAEA9FC}.Debug|x86.ActiveCfg = Debug|Any CPU
		{C4247C66-6BA8-412F-AF07-027E1CAEA9FC}.Debug|x86.Build.0 = Debug|Any CPU
		{C4247C66-6BA8-412F-AF07-027E1CAEA9FC}.Release|Any CPU.ActiveCfg = Release|Any CPU
		{C4247C66-6BA8-412F-AF07-027E1CAEA9FC}.Release|Any CPU.Build.0 = Release|Any CPU
		{C4247C66-6BA8-412F-AF07-027E1CAEA9FC}.Release|ARM.ActiveCfg = Release|Any CPU
		{C4247C66-6BA8-412F-AF07-027E1CAEA9FC}.Release|ARM.Build.0 = Release|Any CPU
		{C4247C66-6BA8-412F-AF07-027E1CAEA9FC}.Release|iPhone.ActiveCfg = Release|Any CPU
		{C4247C66-6BA8-412F-AF07-027E1CAEA9FC}.Release|iPhone.Build.0 = Release|Any CPU
		{C4247C66-6BA8-412F-AF07-027E1CAEA9FC}.Release|iPhoneSimulator.ActiveCfg = Release|Any CPU
		{C4247C66-6BA8-412F-AF07-027E1CAEA9FC}.Release|iPhoneSimulator.Build.0 = Release|Any CPU
		{C4247C66-6BA8-412F-AF07-027E1CAEA9FC}.Release|x64.ActiveCfg = Release|Any CPU
		{C4247C66-6BA8-412F-AF07-027E1CAEA9FC}.Release|x64.Build.0 = Release|Any CPU
		{C4247C66-6BA8-412F-AF07-027E1CAEA9FC}.Release|x86.ActiveCfg = Release|Any CPU
		{C4247C66-6BA8-412F-AF07-027E1CAEA9FC}.Release|x86.Build.0 = Release|Any CPU
		{72DB721C-4752-472D-9159-DD9674748523}.Ad-Hoc|Any CPU.ActiveCfg = Release|Any CPU
		{72DB721C-4752-472D-9159-DD9674748523}.Ad-Hoc|Any CPU.Build.0 = Release|Any CPU
		{72DB721C-4752-472D-9159-DD9674748523}.Ad-Hoc|ARM.ActiveCfg = Release|Any CPU
		{72DB721C-4752-472D-9159-DD9674748523}.Ad-Hoc|ARM.Build.0 = Release|Any CPU
		{72DB721C-4752-472D-9159-DD9674748523}.Ad-Hoc|iPhone.ActiveCfg = Release|Any CPU
		{72DB721C-4752-472D-9159-DD9674748523}.Ad-Hoc|iPhone.Build.0 = Release|Any CPU
		{72DB721C-4752-472D-9159-DD9674748523}.Ad-Hoc|iPhoneSimulator.ActiveCfg = Release|Any CPU
		{72DB721C-4752-472D-9159-DD9674748523}.Ad-Hoc|iPhoneSimulator.Build.0 = Release|Any CPU
		{72DB721C-4752-472D-9159-DD9674748523}.Ad-Hoc|x64.ActiveCfg = Release|Any CPU
		{72DB721C-4752-472D-9159-DD9674748523}.Ad-Hoc|x64.Build.0 = Release|Any CPU
		{72DB721C-4752-472D-9159-DD9674748523}.Ad-Hoc|x86.ActiveCfg = Release|Any CPU
		{72DB721C-4752-472D-9159-DD9674748523}.Ad-Hoc|x86.Build.0 = Release|Any CPU
		{72DB721C-4752-472D-9159-DD9674748523}.AppStore|Any CPU.ActiveCfg = Release|Any CPU
		{72DB721C-4752-472D-9159-DD9674748523}.AppStore|Any CPU.Build.0 = Release|Any CPU
		{72DB721C-4752-472D-9159-DD9674748523}.AppStore|ARM.ActiveCfg = Release|Any CPU
		{72DB721C-4752-472D-9159-DD9674748523}.AppStore|ARM.Build.0 = Release|Any CPU
		{72DB721C-4752-472D-9159-DD9674748523}.AppStore|iPhone.ActiveCfg = Release|Any CPU
		{72DB721C-4752-472D-9159-DD9674748523}.AppStore|iPhone.Build.0 = Release|Any CPU
		{72DB721C-4752-472D-9159-DD9674748523}.AppStore|iPhoneSimulator.ActiveCfg = Release|Any CPU
		{72DB721C-4752-472D-9159-DD9674748523}.AppStore|iPhoneSimulator.Build.0 = Release|Any CPU
		{72DB721C-4752-472D-9159-DD9674748523}.AppStore|x64.ActiveCfg = Release|Any CPU
		{72DB721C-4752-472D-9159-DD9674748523}.AppStore|x64.Build.0 = Release|Any CPU
		{72DB721C-4752-472D-9159-DD9674748523}.AppStore|x86.ActiveCfg = Release|Any CPU
		{72DB721C-4752-472D-9159-DD9674748523}.AppStore|x86.Build.0 = Release|Any CPU
		{72DB721C-4752-472D-9159-DD9674748523}.Debug|Any CPU.ActiveCfg = Debug|Any CPU
		{72DB721C-4752-472D-9159-DD9674748523}.Debug|Any CPU.Build.0 = Debug|Any CPU
		{72DB721C-4752-472D-9159-DD9674748523}.Debug|ARM.ActiveCfg = Debug|Any CPU
		{72DB721C-4752-472D-9159-DD9674748523}.Debug|ARM.Build.0 = Debug|Any CPU
		{72DB721C-4752-472D-9159-DD9674748523}.Debug|iPhone.ActiveCfg = Debug|Any CPU
		{72DB721C-4752-472D-9159-DD9674748523}.Debug|iPhone.Build.0 = Debug|Any CPU
		{72DB721C-4752-472D-9159-DD9674748523}.Debug|iPhoneSimulator.ActiveCfg = Debug|Any CPU
		{72DB721C-4752-472D-9159-DD9674748523}.Debug|iPhoneSimulator.Build.0 = Debug|Any CPU
		{72DB721C-4752-472D-9159-DD9674748523}.Debug|x64.ActiveCfg = Debug|Any CPU
		{72DB721C-4752-472D-9159-DD9674748523}.Debug|x64.Build.0 = Debug|Any CPU
		{72DB721C-4752-472D-9159-DD9674748523}.Debug|x86.ActiveCfg = Debug|Any CPU
		{72DB721C-4752-472D-9159-DD9674748523}.Debug|x86.Build.0 = Debug|Any CPU
		{72DB721C-4752-472D-9159-DD9674748523}.Release|Any CPU.ActiveCfg = Release|Any CPU
		{72DB721C-4752-472D-9159-DD9674748523}.Release|Any CPU.Build.0 = Release|Any CPU
		{72DB721C-4752-472D-9159-DD9674748523}.Release|ARM.ActiveCfg = Release|Any CPU
		{72DB721C-4752-472D-9159-DD9674748523}.Release|ARM.Build.0 = Release|Any CPU
		{72DB721C-4752-472D-9159-DD9674748523}.Release|iPhone.ActiveCfg = Release|Any CPU
		{72DB721C-4752-472D-9159-DD9674748523}.Release|iPhone.Build.0 = Release|Any CPU
		{72DB721C-4752-472D-9159-DD9674748523}.Release|iPhoneSimulator.ActiveCfg = Release|Any CPU
		{72DB721C-4752-472D-9159-DD9674748523}.Release|iPhoneSimulator.Build.0 = Release|Any CPU
		{72DB721C-4752-472D-9159-DD9674748523}.Release|x64.ActiveCfg = Release|Any CPU
		{72DB721C-4752-472D-9159-DD9674748523}.Release|x64.Build.0 = Release|Any CPU
		{72DB721C-4752-472D-9159-DD9674748523}.Release|x86.ActiveCfg = Release|Any CPU
		{72DB721C-4752-472D-9159-DD9674748523}.Release|x86.Build.0 = Release|Any CPU
		{84833DD0-8C1C-405B-B8F7-0BD5D49B08DB}.Ad-Hoc|Any CPU.ActiveCfg = Release|Any CPU
		{84833DD0-8C1C-405B-B8F7-0BD5D49B08DB}.Ad-Hoc|Any CPU.Build.0 = Release|Any CPU
		{84833DD0-8C1C-405B-B8F7-0BD5D49B08DB}.Ad-Hoc|Any CPU.Deploy.0 = Release|Any CPU
		{84833DD0-8C1C-405B-B8F7-0BD5D49B08DB}.Ad-Hoc|ARM.ActiveCfg = Release|Any CPU
		{84833DD0-8C1C-405B-B8F7-0BD5D49B08DB}.Ad-Hoc|ARM.Build.0 = Release|Any CPU
		{84833DD0-8C1C-405B-B8F7-0BD5D49B08DB}.Ad-Hoc|ARM.Deploy.0 = Release|Any CPU
		{84833DD0-8C1C-405B-B8F7-0BD5D49B08DB}.Ad-Hoc|iPhone.ActiveCfg = Release|Any CPU
		{84833DD0-8C1C-405B-B8F7-0BD5D49B08DB}.Ad-Hoc|iPhone.Build.0 = Release|Any CPU
		{84833DD0-8C1C-405B-B8F7-0BD5D49B08DB}.Ad-Hoc|iPhone.Deploy.0 = Release|Any CPU
		{84833DD0-8C1C-405B-B8F7-0BD5D49B08DB}.Ad-Hoc|iPhoneSimulator.ActiveCfg = Release|Any CPU
		{84833DD0-8C1C-405B-B8F7-0BD5D49B08DB}.Ad-Hoc|iPhoneSimulator.Build.0 = Release|Any CPU
		{84833DD0-8C1C-405B-B8F7-0BD5D49B08DB}.Ad-Hoc|iPhoneSimulator.Deploy.0 = Release|Any CPU
		{84833DD0-8C1C-405B-B8F7-0BD5D49B08DB}.Ad-Hoc|x64.ActiveCfg = Release|Any CPU
		{84833DD0-8C1C-405B-B8F7-0BD5D49B08DB}.Ad-Hoc|x64.Build.0 = Release|Any CPU
		{84833DD0-8C1C-405B-B8F7-0BD5D49B08DB}.Ad-Hoc|x64.Deploy.0 = Release|Any CPU
		{84833DD0-8C1C-405B-B8F7-0BD5D49B08DB}.Ad-Hoc|x86.ActiveCfg = Release|Any CPU
		{84833DD0-8C1C-405B-B8F7-0BD5D49B08DB}.Ad-Hoc|x86.Build.0 = Release|Any CPU
		{84833DD0-8C1C-405B-B8F7-0BD5D49B08DB}.Ad-Hoc|x86.Deploy.0 = Release|Any CPU
		{84833DD0-8C1C-405B-B8F7-0BD5D49B08DB}.AppStore|Any CPU.ActiveCfg = Release|Any CPU
		{84833DD0-8C1C-405B-B8F7-0BD5D49B08DB}.AppStore|Any CPU.Build.0 = Release|Any CPU
		{84833DD0-8C1C-405B-B8F7-0BD5D49B08DB}.AppStore|Any CPU.Deploy.0 = Release|Any CPU
		{84833DD0-8C1C-405B-B8F7-0BD5D49B08DB}.AppStore|ARM.ActiveCfg = Release|Any CPU
		{84833DD0-8C1C-405B-B8F7-0BD5D49B08DB}.AppStore|ARM.Build.0 = Release|Any CPU
		{84833DD0-8C1C-405B-B8F7-0BD5D49B08DB}.AppStore|ARM.Deploy.0 = Release|Any CPU
		{84833DD0-8C1C-405B-B8F7-0BD5D49B08DB}.AppStore|iPhone.ActiveCfg = Release|Any CPU
		{84833DD0-8C1C-405B-B8F7-0BD5D49B08DB}.AppStore|iPhone.Build.0 = Release|Any CPU
		{84833DD0-8C1C-405B-B8F7-0BD5D49B08DB}.AppStore|iPhone.Deploy.0 = Release|Any CPU
		{84833DD0-8C1C-405B-B8F7-0BD5D49B08DB}.AppStore|iPhoneSimulator.ActiveCfg = Release|Any CPU
		{84833DD0-8C1C-405B-B8F7-0BD5D49B08DB}.AppStore|iPhoneSimulator.Build.0 = Release|Any CPU
		{84833DD0-8C1C-405B-B8F7-0BD5D49B08DB}.AppStore|iPhoneSimulator.Deploy.0 = Release|Any CPU
		{84833DD0-8C1C-405B-B8F7-0BD5D49B08DB}.AppStore|x64.ActiveCfg = Release|Any CPU
		{84833DD0-8C1C-405B-B8F7-0BD5D49B08DB}.AppStore|x64.Build.0 = Release|Any CPU
		{84833DD0-8C1C-405B-B8F7-0BD5D49B08DB}.AppStore|x64.Deploy.0 = Release|Any CPU
		{84833DD0-8C1C-405B-B8F7-0BD5D49B08DB}.AppStore|x86.ActiveCfg = Release|Any CPU
		{84833DD0-8C1C-405B-B8F7-0BD5D49B08DB}.AppStore|x86.Build.0 = Release|Any CPU
		{84833DD0-8C1C-405B-B8F7-0BD5D49B08DB}.AppStore|x86.Deploy.0 = Release|Any CPU
		{84833DD0-8C1C-405B-B8F7-0BD5D49B08DB}.Debug|Any CPU.ActiveCfg = Debug|Any CPU
		{84833DD0-8C1C-405B-B8F7-0BD5D49B08DB}.Debug|Any CPU.Build.0 = Debug|Any CPU
		{84833DD0-8C1C-405B-B8F7-0BD5D49B08DB}.Debug|Any CPU.Deploy.0 = Debug|Any CPU
		{84833DD0-8C1C-405B-B8F7-0BD5D49B08DB}.Debug|ARM.ActiveCfg = Debug|Any CPU
		{84833DD0-8C1C-405B-B8F7-0BD5D49B08DB}.Debug|ARM.Build.0 = Debug|Any CPU
		{84833DD0-8C1C-405B-B8F7-0BD5D49B08DB}.Debug|ARM.Deploy.0 = Debug|Any CPU
		{84833DD0-8C1C-405B-B8F7-0BD5D49B08DB}.Debug|iPhone.ActiveCfg = Debug|Any CPU
		{84833DD0-8C1C-405B-B8F7-0BD5D49B08DB}.Debug|iPhone.Build.0 = Debug|Any CPU
		{84833DD0-8C1C-405B-B8F7-0BD5D49B08DB}.Debug|iPhone.Deploy.0 = Debug|Any CPU
		{84833DD0-8C1C-405B-B8F7-0BD5D49B08DB}.Debug|iPhoneSimulator.ActiveCfg = Debug|Any CPU
		{84833DD0-8C1C-405B-B8F7-0BD5D49B08DB}.Debug|iPhoneSimulator.Build.0 = Debug|Any CPU
		{84833DD0-8C1C-405B-B8F7-0BD5D49B08DB}.Debug|iPhoneSimulator.Deploy.0 = Debug|Any CPU
		{84833DD0-8C1C-405B-B8F7-0BD5D49B08DB}.Debug|x64.ActiveCfg = Debug|Any CPU
		{84833DD0-8C1C-405B-B8F7-0BD5D49B08DB}.Debug|x64.Build.0 = Debug|Any CPU
		{84833DD0-8C1C-405B-B8F7-0BD5D49B08DB}.Debug|x64.Deploy.0 = Debug|Any CPU
		{84833DD0-8C1C-405B-B8F7-0BD5D49B08DB}.Debug|x86.ActiveCfg = Debug|Any CPU
		{84833DD0-8C1C-405B-B8F7-0BD5D49B08DB}.Debug|x86.Build.0 = Debug|Any CPU
		{84833DD0-8C1C-405B-B8F7-0BD5D49B08DB}.Debug|x86.Deploy.0 = Debug|Any CPU
		{84833DD0-8C1C-405B-B8F7-0BD5D49B08DB}.Release|Any CPU.ActiveCfg = Release|Any CPU
		{84833DD0-8C1C-405B-B8F7-0BD5D49B08DB}.Release|Any CPU.Build.0 = Release|Any CPU
		{84833DD0-8C1C-405B-B8F7-0BD5D49B08DB}.Release|Any CPU.Deploy.0 = Release|Any CPU
		{84833DD0-8C1C-405B-B8F7-0BD5D49B08DB}.Release|ARM.ActiveCfg = Release|Any CPU
		{84833DD0-8C1C-405B-B8F7-0BD5D49B08DB}.Release|ARM.Build.0 = Release|Any CPU
		{84833DD0-8C1C-405B-B8F7-0BD5D49B08DB}.Release|ARM.Deploy.0 = Release|Any CPU
		{84833DD0-8C1C-405B-B8F7-0BD5D49B08DB}.Release|iPhone.ActiveCfg = Release|Any CPU
		{84833DD0-8C1C-405B-B8F7-0BD5D49B08DB}.Release|iPhone.Build.0 = Release|Any CPU
		{84833DD0-8C1C-405B-B8F7-0BD5D49B08DB}.Release|iPhone.Deploy.0 = Release|Any CPU
		{84833DD0-8C1C-405B-B8F7-0BD5D49B08DB}.Release|iPhoneSimulator.ActiveCfg = Release|Any CPU
		{84833DD0-8C1C-405B-B8F7-0BD5D49B08DB}.Release|iPhoneSimulator.Build.0 = Release|Any CPU
		{84833DD0-8C1C-405B-B8F7-0BD5D49B08DB}.Release|iPhoneSimulator.Deploy.0 = Release|Any CPU
		{84833DD0-8C1C-405B-B8F7-0BD5D49B08DB}.Release|x64.ActiveCfg = Release|Any CPU
		{84833DD0-8C1C-405B-B8F7-0BD5D49B08DB}.Release|x64.Build.0 = Release|Any CPU
		{84833DD0-8C1C-405B-B8F7-0BD5D49B08DB}.Release|x64.Deploy.0 = Release|Any CPU
		{84833DD0-8C1C-405B-B8F7-0BD5D49B08DB}.Release|x86.ActiveCfg = Release|Any CPU
		{84833DD0-8C1C-405B-B8F7-0BD5D49B08DB}.Release|x86.Build.0 = Release|Any CPU
		{84833DD0-8C1C-405B-B8F7-0BD5D49B08DB}.Release|x86.Deploy.0 = Release|Any CPU
		{E5ED0884-A3CB-4689-937E-61642C9F3068}.Ad-Hoc|Any CPU.ActiveCfg = Ad-Hoc|iPhone
		{E5ED0884-A3CB-4689-937E-61642C9F3068}.Ad-Hoc|ARM.ActiveCfg = Ad-Hoc|iPhone
		{E5ED0884-A3CB-4689-937E-61642C9F3068}.Ad-Hoc|iPhone.ActiveCfg = Ad-Hoc|iPhone
		{E5ED0884-A3CB-4689-937E-61642C9F3068}.Ad-Hoc|iPhone.Build.0 = Ad-Hoc|iPhone
		{E5ED0884-A3CB-4689-937E-61642C9F3068}.Ad-Hoc|iPhoneSimulator.ActiveCfg = Ad-Hoc|iPhoneSimulator
		{E5ED0884-A3CB-4689-937E-61642C9F3068}.Ad-Hoc|iPhoneSimulator.Build.0 = Ad-Hoc|iPhoneSimulator
		{E5ED0884-A3CB-4689-937E-61642C9F3068}.Ad-Hoc|x64.ActiveCfg = Ad-Hoc|iPhone
		{E5ED0884-A3CB-4689-937E-61642C9F3068}.Ad-Hoc|x86.ActiveCfg = Ad-Hoc|iPhone
		{E5ED0884-A3CB-4689-937E-61642C9F3068}.AppStore|Any CPU.ActiveCfg = AppStore|iPhone
		{E5ED0884-A3CB-4689-937E-61642C9F3068}.AppStore|ARM.ActiveCfg = AppStore|iPhone
		{E5ED0884-A3CB-4689-937E-61642C9F3068}.AppStore|iPhone.ActiveCfg = AppStore|iPhone
		{E5ED0884-A3CB-4689-937E-61642C9F3068}.AppStore|iPhone.Build.0 = AppStore|iPhone
		{E5ED0884-A3CB-4689-937E-61642C9F3068}.AppStore|iPhoneSimulator.ActiveCfg = AppStore|iPhoneSimulator
		{E5ED0884-A3CB-4689-937E-61642C9F3068}.AppStore|iPhoneSimulator.Build.0 = AppStore|iPhoneSimulator
		{E5ED0884-A3CB-4689-937E-61642C9F3068}.AppStore|x64.ActiveCfg = AppStore|iPhone
		{E5ED0884-A3CB-4689-937E-61642C9F3068}.AppStore|x86.ActiveCfg = AppStore|iPhone
		{E5ED0884-A3CB-4689-937E-61642C9F3068}.Debug|Any CPU.ActiveCfg = Debug|iPhone
		{E5ED0884-A3CB-4689-937E-61642C9F3068}.Debug|ARM.ActiveCfg = Debug|iPhone
		{E5ED0884-A3CB-4689-937E-61642C9F3068}.Debug|iPhone.ActiveCfg = Debug|iPhone
		{E5ED0884-A3CB-4689-937E-61642C9F3068}.Debug|iPhone.Build.0 = Debug|iPhone
		{E5ED0884-A3CB-4689-937E-61642C9F3068}.Debug|iPhoneSimulator.ActiveCfg = Debug|iPhoneSimulator
		{E5ED0884-A3CB-4689-937E-61642C9F3068}.Debug|iPhoneSimulator.Build.0 = Debug|iPhoneSimulator
		{E5ED0884-A3CB-4689-937E-61642C9F3068}.Debug|x64.ActiveCfg = Debug|iPhone
		{E5ED0884-A3CB-4689-937E-61642C9F3068}.Debug|x86.ActiveCfg = Debug|iPhone
		{E5ED0884-A3CB-4689-937E-61642C9F3068}.Release|Any CPU.ActiveCfg = Release|iPhone
		{E5ED0884-A3CB-4689-937E-61642C9F3068}.Release|ARM.ActiveCfg = Release|iPhone
		{E5ED0884-A3CB-4689-937E-61642C9F3068}.Release|iPhone.ActiveCfg = Release|Any CPU
		{E5ED0884-A3CB-4689-937E-61642C9F3068}.Release|iPhone.Build.0 = Release|Any CPU
		{E5ED0884-A3CB-4689-937E-61642C9F3068}.Release|iPhoneSimulator.ActiveCfg = Release|iPhoneSimulator
		{E5ED0884-A3CB-4689-937E-61642C9F3068}.Release|iPhoneSimulator.Build.0 = Release|iPhoneSimulator
		{E5ED0884-A3CB-4689-937E-61642C9F3068}.Release|x64.ActiveCfg = Release|iPhone
		{E5ED0884-A3CB-4689-937E-61642C9F3068}.Release|x86.ActiveCfg = Release|iPhone
		{05AD74AE-F7C3-4AE5-A9BA-E27F71EC144B}.Ad-Hoc|Any CPU.ActiveCfg = Release|x64
		{05AD74AE-F7C3-4AE5-A9BA-E27F71EC144B}.Ad-Hoc|Any CPU.Build.0 = Release|x64
		{05AD74AE-F7C3-4AE5-A9BA-E27F71EC144B}.Ad-Hoc|Any CPU.Deploy.0 = Release|x64
		{05AD74AE-F7C3-4AE5-A9BA-E27F71EC144B}.Ad-Hoc|ARM.ActiveCfg = Release|ARM
		{05AD74AE-F7C3-4AE5-A9BA-E27F71EC144B}.Ad-Hoc|ARM.Build.0 = Release|ARM
		{05AD74AE-F7C3-4AE5-A9BA-E27F71EC144B}.Ad-Hoc|ARM.Deploy.0 = Release|ARM
		{05AD74AE-F7C3-4AE5-A9BA-E27F71EC144B}.Ad-Hoc|iPhone.ActiveCfg = Release|x64
		{05AD74AE-F7C3-4AE5-A9BA-E27F71EC144B}.Ad-Hoc|iPhone.Build.0 = Release|x64
		{05AD74AE-F7C3-4AE5-A9BA-E27F71EC144B}.Ad-Hoc|iPhone.Deploy.0 = Release|x64
		{05AD74AE-F7C3-4AE5-A9BA-E27F71EC144B}.Ad-Hoc|iPhoneSimulator.ActiveCfg = Release|x64
		{05AD74AE-F7C3-4AE5-A9BA-E27F71EC144B}.Ad-Hoc|iPhoneSimulator.Build.0 = Release|x64
		{05AD74AE-F7C3-4AE5-A9BA-E27F71EC144B}.Ad-Hoc|iPhoneSimulator.Deploy.0 = Release|x64
		{05AD74AE-F7C3-4AE5-A9BA-E27F71EC144B}.Ad-Hoc|x64.ActiveCfg = Release|x64
		{05AD74AE-F7C3-4AE5-A9BA-E27F71EC144B}.Ad-Hoc|x64.Build.0 = Release|x64
		{05AD74AE-F7C3-4AE5-A9BA-E27F71EC144B}.Ad-Hoc|x64.Deploy.0 = Release|x64
		{05AD74AE-F7C3-4AE5-A9BA-E27F71EC144B}.Ad-Hoc|x86.ActiveCfg = Release|x86
		{05AD74AE-F7C3-4AE5-A9BA-E27F71EC144B}.Ad-Hoc|x86.Build.0 = Release|x86
		{05AD74AE-F7C3-4AE5-A9BA-E27F71EC144B}.Ad-Hoc|x86.Deploy.0 = Release|x86
		{05AD74AE-F7C3-4AE5-A9BA-E27F71EC144B}.AppStore|Any CPU.ActiveCfg = Release|x64
		{05AD74AE-F7C3-4AE5-A9BA-E27F71EC144B}.AppStore|Any CPU.Build.0 = Release|x64
		{05AD74AE-F7C3-4AE5-A9BA-E27F71EC144B}.AppStore|Any CPU.Deploy.0 = Release|x64
		{05AD74AE-F7C3-4AE5-A9BA-E27F71EC144B}.AppStore|ARM.ActiveCfg = Release|ARM
		{05AD74AE-F7C3-4AE5-A9BA-E27F71EC144B}.AppStore|ARM.Build.0 = Release|ARM
		{05AD74AE-F7C3-4AE5-A9BA-E27F71EC144B}.AppStore|ARM.Deploy.0 = Release|ARM
		{05AD74AE-F7C3-4AE5-A9BA-E27F71EC144B}.AppStore|iPhone.ActiveCfg = Release|x64
		{05AD74AE-F7C3-4AE5-A9BA-E27F71EC144B}.AppStore|iPhone.Build.0 = Release|x64
		{05AD74AE-F7C3-4AE5-A9BA-E27F71EC144B}.AppStore|iPhone.Deploy.0 = Release|x64
		{05AD74AE-F7C3-4AE5-A9BA-E27F71EC144B}.AppStore|iPhoneSimulator.ActiveCfg = Release|x64
		{05AD74AE-F7C3-4AE5-A9BA-E27F71EC144B}.AppStore|iPhoneSimulator.Build.0 = Release|x64
		{05AD74AE-F7C3-4AE5-A9BA-E27F71EC144B}.AppStore|iPhoneSimulator.Deploy.0 = Release|x64
		{05AD74AE-F7C3-4AE5-A9BA-E27F71EC144B}.AppStore|x64.ActiveCfg = Release|x64
		{05AD74AE-F7C3-4AE5-A9BA-E27F71EC144B}.AppStore|x64.Build.0 = Release|x64
		{05AD74AE-F7C3-4AE5-A9BA-E27F71EC144B}.AppStore|x64.Deploy.0 = Release|x64
		{05AD74AE-F7C3-4AE5-A9BA-E27F71EC144B}.AppStore|x86.ActiveCfg = Release|x86
		{05AD74AE-F7C3-4AE5-A9BA-E27F71EC144B}.AppStore|x86.Build.0 = Release|x86
		{05AD74AE-F7C3-4AE5-A9BA-E27F71EC144B}.AppStore|x86.Deploy.0 = Release|x86
		{05AD74AE-F7C3-4AE5-A9BA-E27F71EC144B}.Debug|Any CPU.ActiveCfg = Debug|x64
		{05AD74AE-F7C3-4AE5-A9BA-E27F71EC144B}.Debug|Any CPU.Build.0 = Debug|x64
		{05AD74AE-F7C3-4AE5-A9BA-E27F71EC144B}.Debug|Any CPU.Deploy.0 = Debug|x64
		{05AD74AE-F7C3-4AE5-A9BA-E27F71EC144B}.Debug|ARM.ActiveCfg = Debug|ARM
		{05AD74AE-F7C3-4AE5-A9BA-E27F71EC144B}.Debug|ARM.Build.0 = Debug|ARM
		{05AD74AE-F7C3-4AE5-A9BA-E27F71EC144B}.Debug|ARM.Deploy.0 = Debug|ARM
		{05AD74AE-F7C3-4AE5-A9BA-E27F71EC144B}.Debug|iPhone.ActiveCfg = Debug|x86
		{05AD74AE-F7C3-4AE5-A9BA-E27F71EC144B}.Debug|iPhoneSimulator.ActiveCfg = Debug|x86
		{05AD74AE-F7C3-4AE5-A9BA-E27F71EC144B}.Debug|x64.ActiveCfg = Debug|x64
		{05AD74AE-F7C3-4AE5-A9BA-E27F71EC144B}.Debug|x64.Build.0 = Debug|x64
		{05AD74AE-F7C3-4AE5-A9BA-E27F71EC144B}.Debug|x64.Deploy.0 = Debug|x64
		{05AD74AE-F7C3-4AE5-A9BA-E27F71EC144B}.Debug|x86.ActiveCfg = Debug|x86
		{05AD74AE-F7C3-4AE5-A9BA-E27F71EC144B}.Debug|x86.Build.0 = Debug|x86
		{05AD74AE-F7C3-4AE5-A9BA-E27F71EC144B}.Debug|x86.Deploy.0 = Debug|x86
		{05AD74AE-F7C3-4AE5-A9BA-E27F71EC144B}.Release|Any CPU.ActiveCfg = Release|x86
		{05AD74AE-F7C3-4AE5-A9BA-E27F71EC144B}.Release|ARM.ActiveCfg = Release|ARM
		{05AD74AE-F7C3-4AE5-A9BA-E27F71EC144B}.Release|ARM.Build.0 = Release|ARM
		{05AD74AE-F7C3-4AE5-A9BA-E27F71EC144B}.Release|ARM.Deploy.0 = Release|ARM
		{05AD74AE-F7C3-4AE5-A9BA-E27F71EC144B}.Release|iPhone.ActiveCfg = Release|x86
		{05AD74AE-F7C3-4AE5-A9BA-E27F71EC144B}.Release|iPhoneSimulator.ActiveCfg = Release|x86
		{05AD74AE-F7C3-4AE5-A9BA-E27F71EC144B}.Release|x64.ActiveCfg = Release|x64
		{05AD74AE-F7C3-4AE5-A9BA-E27F71EC144B}.Release|x64.Build.0 = Release|x64
		{05AD74AE-F7C3-4AE5-A9BA-E27F71EC144B}.Release|x64.Deploy.0 = Release|x64
		{05AD74AE-F7C3-4AE5-A9BA-E27F71EC144B}.Release|x86.ActiveCfg = Release|x86
		{05AD74AE-F7C3-4AE5-A9BA-E27F71EC144B}.Release|x86.Build.0 = Release|x86
		{05AD74AE-F7C3-4AE5-A9BA-E27F71EC144B}.Release|x86.Deploy.0 = Release|x86
	EndGlobalSection
	GlobalSection(SolutionProperties) = preSolution
		HideSolutionNode = FALSE
	EndGlobalSection
EndGlobal
